// !$*UTF8*$!
{
	archiveVersion = 1;
	classes = {
	};
	objectVersion = 55;
	objects = {

/* Begin PBXBuildFile section */
		9DC17AC62860FC05007046E7 /* Car.swift in Sources */ = {isa = PBXBuildFile; fileRef = 9DC17AC52860FC05007046E7 /* Car.swift */; };
		9DC17AC92860FFC2007046E7 /* CarViewModel.swift in Sources */ = {isa = PBXBuildFile; fileRef = 9DC17AC82860FFC2007046E7 /* CarViewModel.swift */; };
		9DC17ACD2861005B007046E7 /* CarsView.swift in Sources */ = {isa = PBXBuildFile; fileRef = 9DC17ACC2861005B007046E7 /* CarsView.swift */; };
		F4D7C06428608EA6005D5650 /* CodeChallengeSIXTApp.swift in Sources */ = {isa = PBXBuildFile; fileRef = F4D7C06328608EA6005D5650 /* CodeChallengeSIXTApp.swift */; };
		F4D7C06628608EA6005D5650 /* ContentView.swift in Sources */ = {isa = PBXBuildFile; fileRef = F4D7C06528608EA6005D5650 /* ContentView.swift */; };
		F4D7C06828608EA7005D5650 /* Assets.xcassets in Resources */ = {isa = PBXBuildFile; fileRef = F4D7C06728608EA7005D5650 /* Assets.xcassets */; };
		F4D7C06B28608EA7005D5650 /* Preview Assets.xcassets in Resources */ = {isa = PBXBuildFile; fileRef = F4D7C06A28608EA7005D5650 /* Preview Assets.xcassets */; };
		F4D7C0722861AA11005D5650 /* NetworkService.swift in Sources */ = {isa = PBXBuildFile; fileRef = F4D7C0712861AA11005D5650 /* NetworkService.swift */; };
		F4D7C07A2861ABD9005D5650 /* CodeChallengeSIXTTests.swift in Sources */ = {isa = PBXBuildFile; fileRef = F4D7C0792861ABD9005D5650 /* CodeChallengeSIXTTests.swift */; };
		F4D7C0812861AC06005D5650 /* NetworkServiceTests.swift in Sources */ = {isa = PBXBuildFile; fileRef = F4D7C0802861AC06005D5650 /* NetworkServiceTests.swift */; };
/* End PBXBuildFile section */

/* Begin PBXContainerItemProxy section */
		F4D7C07B2861ABD9005D5650 /* PBXContainerItemProxy */ = {
			isa = PBXContainerItemProxy;
			containerPortal = F4D7C05828608EA6005D5650 /* Project object */;
			proxyType = 1;
			remoteGlobalIDString = F4D7C05F28608EA6005D5650;
			remoteInfo = CodeChallengeSIXT;
		};
/* End PBXContainerItemProxy section */

/* Begin PBXFileReference section */
		9DC17AC52860FC05007046E7 /* Car.swift */ = {isa = PBXFileReference; lastKnownFileType = sourcecode.swift; path = Car.swift; sourceTree = "<group>"; };
		9DC17AC82860FFC2007046E7 /* CarViewModel.swift */ = {isa = PBXFileReference; lastKnownFileType = sourcecode.swift; path = CarViewModel.swift; sourceTree = "<group>"; };
		9DC17ACC2861005B007046E7 /* CarsView.swift */ = {isa = PBXFileReference; lastKnownFileType = sourcecode.swift; path = CarsView.swift; sourceTree = "<group>"; };
		F4D7C06028608EA6005D5650 /* CodeChallengeSIXT.app */ = {isa = PBXFileReference; explicitFileType = wrapper.application; includeInIndex = 0; path = CodeChallengeSIXT.app; sourceTree = BUILT_PRODUCTS_DIR; };
		F4D7C06328608EA6005D5650 /* CodeChallengeSIXTApp.swift */ = {isa = PBXFileReference; lastKnownFileType = sourcecode.swift; path = CodeChallengeSIXTApp.swift; sourceTree = "<group>"; };
		F4D7C06528608EA6005D5650 /* ContentView.swift */ = {isa = PBXFileReference; lastKnownFileType = sourcecode.swift; path = ContentView.swift; sourceTree = "<group>"; };
		F4D7C06728608EA7005D5650 /* Assets.xcassets */ = {isa = PBXFileReference; lastKnownFileType = folder.assetcatalog; path = Assets.xcassets; sourceTree = "<group>"; };
		F4D7C06A28608EA7005D5650 /* Preview Assets.xcassets */ = {isa = PBXFileReference; lastKnownFileType = folder.assetcatalog; path = "Preview Assets.xcassets"; sourceTree = "<group>"; };
		F4D7C0712861AA11005D5650 /* NetworkService.swift */ = {isa = PBXFileReference; lastKnownFileType = sourcecode.swift; path = NetworkService.swift; sourceTree = "<group>"; };
		F4D7C0772861ABD9005D5650 /* CodeChallengeSIXTTests.xctest */ = {isa = PBXFileReference; explicitFileType = wrapper.cfbundle; includeInIndex = 0; path = CodeChallengeSIXTTests.xctest; sourceTree = BUILT_PRODUCTS_DIR; };
		F4D7C0792861ABD9005D5650 /* CodeChallengeSIXTTests.swift */ = {isa = PBXFileReference; lastKnownFileType = sourcecode.swift; path = CodeChallengeSIXTTests.swift; sourceTree = "<group>"; };
		F4D7C0802861AC06005D5650 /* NetworkServiceTests.swift */ = {isa = PBXFileReference; lastKnownFileType = sourcecode.swift; path = NetworkServiceTests.swift; sourceTree = "<group>"; };
/* End PBXFileReference section */

/* Begin PBXFrameworksBuildPhase section */
		F4D7C05D28608EA6005D5650 /* Frameworks */ = {
			isa = PBXFrameworksBuildPhase;
			buildActionMask = 2147483647;
			files = (
			);
			runOnlyForDeploymentPostprocessing = 0;
		};
		F4D7C0742861ABD9005D5650 /* Frameworks */ = {
			isa = PBXFrameworksBuildPhase;
			buildActionMask = 2147483647;
			files = (
			);
			runOnlyForDeploymentPostprocessing = 0;
		};
/* End PBXFrameworksBuildPhase section */

/* Begin PBXGroup section */
		F4D7C05728608EA6005D5650 = {
			isa = PBXGroup;
			children = (
				F4D7C06228608EA6005D5650 /* CodeChallengeSIXT */,
				F4D7C0782861ABD9005D5650 /* CodeChallengeSIXTTests */,
				F4D7C06128608EA6005D5650 /* Products */,
			);
			sourceTree = "<group>";
		};
		F4D7C06128608EA6005D5650 /* Products */ = {
			isa = PBXGroup;
			children = (
				F4D7C06028608EA6005D5650 /* CodeChallengeSIXT.app */,
				F4D7C0772861ABD9005D5650 /* CodeChallengeSIXTTests.xctest */,
			);
			name = Products;
			sourceTree = "<group>";
		};
		F4D7C06228608EA6005D5650 /* CodeChallengeSIXT */ = {
			isa = PBXGroup;
			children = (
				F4D7C0712861AA11005D5650 /* NetworkService.swift */,
				9DC17AC52860FC05007046E7 /* Car.swift */,
				9DC17AC82860FFC2007046E7 /* CarViewModel.swift */,
				9DC17ACC2861005B007046E7 /* CarsView.swift */,
				F4D7C06328608EA6005D5650 /* CodeChallengeSIXTApp.swift */,
				F4D7C06528608EA6005D5650 /* ContentView.swift */,
				F4D7C06728608EA7005D5650 /* Assets.xcassets */,
				F4D7C06928608EA7005D5650 /* Preview Content */,
			);
			path = CodeChallengeSIXT;
			sourceTree = "<group>";
		};
		F4D7C06928608EA7005D5650 /* Preview Content */ = {
			isa = PBXGroup;
			children = (
				F4D7C06A28608EA7005D5650 /* Preview Assets.xcassets */,
			);
			path = "Preview Content";
			sourceTree = "<group>";
		};
		F4D7C0782861ABD9005D5650 /* CodeChallengeSIXTTests */ = {
			isa = PBXGroup;
			children = (
				F4D7C0792861ABD9005D5650 /* CodeChallengeSIXTTests.swift */,
				F4D7C0802861AC06005D5650 /* NetworkServiceTests.swift */,
			);
			path = CodeChallengeSIXTTests;
			sourceTree = "<group>";
		};
/* End PBXGroup section */

/* Begin PBXNativeTarget section */
		F4D7C05F28608EA6005D5650 /* CodeChallengeSIXT */ = {
			isa = PBXNativeTarget;
			buildConfigurationList = F4D7C06E28608EA7005D5650 /* Build configuration list for PBXNativeTarget "CodeChallengeSIXT" */;
			buildPhases = (
				F4D7C05C28608EA6005D5650 /* Sources */,
				F4D7C05D28608EA6005D5650 /* Frameworks */,
				F4D7C05E28608EA6005D5650 /* Resources */,
			);
			buildRules = (
			);
			dependencies = (
			);
			name = CodeChallengeSIXT;
			productName = CodeChallengeSIXT;
			productReference = F4D7C06028608EA6005D5650 /* CodeChallengeSIXT.app */;
			productType = "com.apple.product-type.application";
		};
		F4D7C0762861ABD9005D5650 /* CodeChallengeSIXTTests */ = {
			isa = PBXNativeTarget;
			buildConfigurationList = F4D7C07D2861ABD9005D5650 /* Build configuration list for PBXNativeTarget "CodeChallengeSIXTTests" */;
			buildPhases = (
				F4D7C0732861ABD9005D5650 /* Sources */,
				F4D7C0742861ABD9005D5650 /* Frameworks */,
				F4D7C0752861ABD9005D5650 /* Resources */,
			);
			buildRules = (
			);
			dependencies = (
				F4D7C07C2861ABD9005D5650 /* PBXTargetDependency */,
			);
			name = CodeChallengeSIXTTests;
			productName = CodeChallengeSIXTTests;
			productReference = F4D7C0772861ABD9005D5650 /* CodeChallengeSIXTTests.xctest */;
			productType = "com.apple.product-type.bundle.unit-test";
		};
/* End PBXNativeTarget section */

/* Begin PBXProject section */
		F4D7C05828608EA6005D5650 /* Project object */ = {
			isa = PBXProject;
			attributes = {
				BuildIndependentTargetsInParallel = 1;
				LastSwiftUpdateCheck = 1330;
				LastUpgradeCheck = 1330;
				TargetAttributes = {
					F4D7C05F28608EA6005D5650 = {
						CreatedOnToolsVersion = 13.3.1;
					};
					F4D7C0762861ABD9005D5650 = {
						CreatedOnToolsVersion = 13.3.1;
						TestTargetID = F4D7C05F28608EA6005D5650;
					};
				};
			};
			buildConfigurationList = F4D7C05B28608EA6005D5650 /* Build configuration list for PBXProject "CodeChallengeSIXT" */;
			compatibilityVersion = "Xcode 13.0";
			developmentRegion = en;
			hasScannedForEncodings = 0;
			knownRegions = (
				en,
				Base,
			);
			mainGroup = F4D7C05728608EA6005D5650;
			productRefGroup = F4D7C06128608EA6005D5650 /* Products */;
			projectDirPath = "";
			projectRoot = "";
			targets = (
				F4D7C05F28608EA6005D5650 /* CodeChallengeSIXT */,
				F4D7C0762861ABD9005D5650 /* CodeChallengeSIXTTests */,
			);
		};
/* End PBXProject section */

/* Begin PBXResourcesBuildPhase section */
		F4D7C05E28608EA6005D5650 /* Resources */ = {
			isa = PBXResourcesBuildPhase;
			buildActionMask = 2147483647;
			files = (
				F4D7C06B28608EA7005D5650 /* Preview Assets.xcassets in Resources */,
				F4D7C06828608EA7005D5650 /* Assets.xcassets in Resources */,
			);
			runOnlyForDeploymentPostprocessing = 0;
		};
		F4D7C0752861ABD9005D5650 /* Resources */ = {
			isa = PBXResourcesBuildPhase;
			buildActionMask = 2147483647;
			files = (
			);
			runOnlyForDeploymentPostprocessing = 0;
		};
/* End PBXResourcesBuildPhase section */

/* Begin PBXSourcesBuildPhase section */
		F4D7C05C28608EA6005D5650 /* Sources */ = {
			isa = PBXSourcesBuildPhase;
			buildActionMask = 2147483647;
			files = (
				F4D7C06628608EA6005D5650 /* ContentView.swift in Sources */,
				9DC17ACD2861005B007046E7 /* CarsView.swift in Sources */,
				F4D7C06428608EA6005D5650 /* CodeChallengeSIXTApp.swift in Sources */,
				9DC17AC62860FC05007046E7 /* Car.swift in Sources */,
				F4D7C0722861AA11005D5650 /* NetworkService.swift in Sources */,
				9DC17AC92860FFC2007046E7 /* CarViewModel.swift in Sources */,
			);
			runOnlyForDeploymentPostprocessing = 0;
		};
		F4D7C0732861ABD9005D5650 /* Sources */ = {
			isa = PBXSourcesBuildPhase;
			buildActionMask = 2147483647;
			files = (
				F4D7C0812861AC06005D5650 /* NetworkServiceTests.swift in Sources */,
				F4D7C07A2861ABD9005D5650 /* CodeChallengeSIXTTests.swift in Sources */,
			);
			runOnlyForDeploymentPostprocessing = 0;
		};
/* End PBXSourcesBuildPhase section */

/* Begin PBXTargetDependency section */
		F4D7C07C2861ABD9005D5650 /* PBXTargetDependency */ = {
			isa = PBXTargetDependency;
			target = F4D7C05F28608EA6005D5650 /* CodeChallengeSIXT */;
			targetProxy = F4D7C07B2861ABD9005D5650 /* PBXContainerItemProxy */;
		};
/* End PBXTargetDependency section */

/* Begin XCBuildConfiguration section */
		F4D7C06C28608EA7005D5650 /* Debug */ = {
			isa = XCBuildConfiguration;
			buildSettings = {
				ALWAYS_SEARCH_USER_PATHS = NO;
				CLANG_ANALYZER_NONNULL = YES;
				CLANG_ANALYZER_NUMBER_OBJECT_CONVERSION = YES_AGGRESSIVE;
				CLANG_CXX_LANGUAGE_STANDARD = "gnu++17";
				CLANG_ENABLE_MODULES = YES;
				CLANG_ENABLE_OBJC_ARC = YES;
				CLANG_ENABLE_OBJC_WEAK = YES;
				CLANG_WARN_BLOCK_CAPTURE_AUTORELEASING = YES;
				CLANG_WARN_BOOL_CONVERSION = YES;
				CLANG_WARN_COMMA = YES;
				CLANG_WARN_CONSTANT_CONVERSION = YES;
				CLANG_WARN_DEPRECATED_OBJC_IMPLEMENTATIONS = YES;
				CLANG_WARN_DIRECT_OBJC_ISA_USAGE = YES_ERROR;
				CLANG_WARN_DOCUMENTATION_COMMENTS = YES;
				CLANG_WARN_EMPTY_BODY = YES;
				CLANG_WARN_ENUM_CONVERSION = YES;
				CLANG_WARN_INFINITE_RECURSION = YES;
				CLANG_WARN_INT_CONVERSION = YES;
				CLANG_WARN_NON_LITERAL_NULL_CONVERSION = YES;
				CLANG_WARN_OBJC_IMPLICIT_RETAIN_SELF = YES;
				CLANG_WARN_OBJC_LITERAL_CONVERSION = YES;
				CLANG_WARN_OBJC_ROOT_CLASS = YES_ERROR;
				CLANG_WARN_QUOTED_INCLUDE_IN_FRAMEWORK_HEADER = YES;
				CLANG_WARN_RANGE_LOOP_ANALYSIS = YES;
				CLANG_WARN_STRICT_PROTOTYPES = YES;
				CLANG_WARN_SUSPICIOUS_MOVE = YES;
				CLANG_WARN_UNGUARDED_AVAILABILITY = YES_AGGRESSIVE;
				CLANG_WARN_UNREACHABLE_CODE = YES;
				CLANG_WARN__DUPLICATE_METHOD_MATCH = YES;
				COPY_PHASE_STRIP = NO;
				DEBUG_INFORMATION_FORMAT = dwarf;
				ENABLE_STRICT_OBJC_MSGSEND = YES;
				ENABLE_TESTABILITY = YES;
				GCC_C_LANGUAGE_STANDARD = gnu11;
				GCC_DYNAMIC_NO_PIC = NO;
				GCC_NO_COMMON_BLOCKS = YES;
				GCC_OPTIMIZATION_LEVEL = 0;
				GCC_PREPROCESSOR_DEFINITIONS = (
					"DEBUG=1",
					"$(inherited)",
				);
				GCC_WARN_64_TO_32_BIT_CONVERSION = YES;
				GCC_WARN_ABOUT_RETURN_TYPE = YES_ERROR;
				GCC_WARN_UNDECLARED_SELECTOR = YES;
				GCC_WARN_UNINITIALIZED_AUTOS = YES_AGGRESSIVE;
				GCC_WARN_UNUSED_FUNCTION = YES;
				GCC_WARN_UNUSED_VARIABLE = YES;
				IPHONEOS_DEPLOYMENT_TARGET = 15.4;
				MTL_ENABLE_DEBUG_INFO = INCLUDE_SOURCE;
				MTL_FAST_MATH = YES;
				ONLY_ACTIVE_ARCH = YES;
				SDKROOT = iphoneos;
				SWIFT_ACTIVE_COMPILATION_CONDITIONS = DEBUG;
				SWIFT_OPTIMIZATION_LEVEL = "-Onone";
			};
			name = Debug;
		};
		F4D7C06D28608EA7005D5650 /* Release */ = {
			isa = XCBuildConfiguration;
			buildSettings = {
				ALWAYS_SEARCH_USER_PATHS = NO;
				CLANG_ANALYZER_NONNULL = YES;
				CLANG_ANALYZER_NUMBER_OBJECT_CONVERSION = YES_AGGRESSIVE;
				CLANG_CXX_LANGUAGE_STANDARD = "gnu++17";
				CLANG_ENABLE_MODULES = YES;
				CLANG_ENABLE_OBJC_ARC = YES;
				CLANG_ENABLE_OBJC_WEAK = YES;
				CLANG_WARN_BLOCK_CAPTURE_AUTORELEASING = YES;
				CLANG_WARN_BOOL_CONVERSION = YES;
				CLANG_WARN_COMMA = YES;
				CLANG_WARN_CONSTANT_CONVERSION = YES;
				CLANG_WARN_DEPRECATED_OBJC_IMPLEMENTATIONS = YES;
				CLANG_WARN_DIRECT_OBJC_ISA_USAGE = YES_ERROR;
				CLANG_WARN_DOCUMENTATION_COMMENTS = YES;
				CLANG_WARN_EMPTY_BODY = YES;
				CLANG_WARN_ENUM_CONVERSION = YES;
				CLANG_WARN_INFINITE_RECURSION = YES;
				CLANG_WARN_INT_CONVERSION = YES;
				CLANG_WARN_NON_LITERAL_NULL_CONVERSION = YES;
				CLANG_WARN_OBJC_IMPLICIT_RETAIN_SELF = YES;
				CLANG_WARN_OBJC_LITERAL_CONVERSION = YES;
				CLANG_WARN_OBJC_ROOT_CLASS = YES_ERROR;
				CLANG_WARN_QUOTED_INCLUDE_IN_FRAMEWORK_HEADER = YES;
				CLANG_WARN_RANGE_LOOP_ANALYSIS = YES;
				CLANG_WARN_STRICT_PROTOTYPES = YES;
				CLANG_WARN_SUSPICIOUS_MOVE = YES;
				CLANG_WARN_UNGUARDED_AVAILABILITY = YES_AGGRESSIVE;
				CLANG_WARN_UNREACHABLE_CODE = YES;
				CLANG_WARN__DUPLICATE_METHOD_MATCH = YES;
				COPY_PHASE_STRIP = NO;
				DEBUG_INFORMATION_FORMAT = "dwarf-with-dsym";
				ENABLE_NS_ASSERTIONS = NO;
				ENABLE_STRICT_OBJC_MSGSEND = YES;
				GCC_C_LANGUAGE_STANDARD = gnu11;
				GCC_NO_COMMON_BLOCKS = YES;
				GCC_WARN_64_TO_32_BIT_CONVERSION = YES;
				GCC_WARN_ABOUT_RETURN_TYPE = YES_ERROR;
				GCC_WARN_UNDECLARED_SELECTOR = YES;
				GCC_WARN_UNINITIALIZED_AUTOS = YES_AGGRESSIVE;
				GCC_WARN_UNUSED_FUNCTION = YES;
				GCC_WARN_UNUSED_VARIABLE = YES;
				IPHONEOS_DEPLOYMENT_TARGET = 15.4;
				MTL_ENABLE_DEBUG_INFO = NO;
				MTL_FAST_MATH = YES;
				SDKROOT = iphoneos;
				SWIFT_COMPILATION_MODE = wholemodule;
				SWIFT_OPTIMIZATION_LEVEL = "-O";
				VALIDATE_PRODUCT = YES;
			};
			name = Release;
		};
		F4D7C06F28608EA7005D5650 /* Debug */ = {
			isa = XCBuildConfiguration;
			buildSettings = {
				ASSETCATALOG_COMPILER_APPICON_NAME = AppIcon;
				ASSETCATALOG_COMPILER_GLOBAL_ACCENT_COLOR_NAME = AccentColor;
				CODE_SIGN_STYLE = Automatic;
				CURRENT_PROJECT_VERSION = 1;
				DEVELOPMENT_ASSET_PATHS = "\"CodeChallengeSIXT/Preview Content\"";
				DEVELOPMENT_TEAM = KXXKG35M4P;
				ENABLE_PREVIEWS = YES;
				GENERATE_INFOPLIST_FILE = YES;
				INFOPLIST_KEY_UIApplicationSceneManifest_Generation = YES;
				INFOPLIST_KEY_UIApplicationSupportsIndirectInputEvents = YES;
				INFOPLIST_KEY_UILaunchScreen_Generation = YES;
				INFOPLIST_KEY_UISupportedInterfaceOrientations_iPad = "UIInterfaceOrientationPortrait UIInterfaceOrientationPortraitUpsideDown UIInterfaceOrientationLandscapeLeft UIInterfaceOrientationLandscapeRight";
				INFOPLIST_KEY_UISupportedInterfaceOrientations_iPhone = "UIInterfaceOrientationPortrait UIInterfaceOrientationLandscapeLeft UIInterfaceOrientationLandscapeRight";
				LD_RUNPATH_SEARCH_PATHS = (
					"$(inherited)",
					"@executable_path/Frameworks",
				);
				MARKETING_VERSION = 1.0;
				PRODUCT_BUNDLE_IDENTIFIER = mspanadgoo.CodeChallengeSIXT;
				PRODUCT_NAME = "$(TARGET_NAME)";
				SWIFT_EMIT_LOC_STRINGS = YES;
				SWIFT_VERSION = 5.0;
				TARGETED_DEVICE_FAMILY = "1,2";
			};
			name = Debug;
		};
		F4D7C07028608EA7005D5650 /* Release */ = {
			isa = XCBuildConfiguration;
			buildSettings = {
				ASSETCATALOG_COMPILER_APPICON_NAME = AppIcon;
				ASSETCATALOG_COMPILER_GLOBAL_ACCENT_COLOR_NAME = AccentColor;
				CODE_SIGN_STYLE = Automatic;
				CURRENT_PROJECT_VERSION = 1;
				DEVELOPMENT_ASSET_PATHS = "\"CodeChallengeSIXT/Preview Content\"";
				DEVELOPMENT_TEAM = KXXKG35M4P;
				ENABLE_PREVIEWS = YES;
				GENERATE_INFOPLIST_FILE = YES;
				INFOPLIST_KEY_UIApplicationSceneManifest_Generation = YES;
				INFOPLIST_KEY_UIApplicationSupportsIndirectInputEvents = YES;
				INFOPLIST_KEY_UILaunchScreen_Generation = YES;
				INFOPLIST_KEY_UISupportedInterfaceOrientations_iPad = "UIInterfaceOrientationPortrait UIInterfaceOrientationPortraitUpsideDown UIInterfaceOrientationLandscapeLeft UIInterfaceOrientationLandscapeRight";
				INFOPLIST_KEY_UISupportedInterfaceOrientations_iPhone = "UIInterfaceOrientationPortrait UIInterfaceOrientationLandscapeLeft UIInterfaceOrientationLandscapeRight";
				LD_RUNPATH_SEARCH_PATHS = (
					"$(inherited)",
					"@executable_path/Frameworks",
				);
				MARKETING_VERSION = 1.0;
				PRODUCT_BUNDLE_IDENTIFIER = mspanadgoo.CodeChallengeSIXT;
				PRODUCT_NAME = "$(TARGET_NAME)";
				SWIFT_EMIT_LOC_STRINGS = YES;
				SWIFT_VERSION = 5.0;
				TARGETED_DEVICE_FAMILY = "1,2";
			};
			name = Release;
		};
		F4D7C07E2861ABD9005D5650 /* Debug */ = {
			isa = XCBuildConfiguration;
			buildSettings = {
				BUNDLE_LOADER = "$(TEST_HOST)";
				CODE_SIGN_STYLE = Automatic;
				CURRENT_PROJECT_VERSION = 1;
				DEVELOPMENT_TEAM = KXXKG35M4P;
				GENERATE_INFOPLIST_FILE = YES;
				MARKETING_VERSION = 1.0;
				PRODUCT_BUNDLE_IDENTIFIER = mspanadgoo.CodeChallengeSIXTTests;
				PRODUCT_NAME = "$(TARGET_NAME)";
				SWIFT_EMIT_LOC_STRINGS = NO;
				SWIFT_VERSION = 5.0;
				TARGETED_DEVICE_FAMILY = "1,2";
				TEST_HOST = "$(BUILT_PRODUCTS_DIR)/CodeChallengeSIXT.app/CodeChallengeSIXT";
			};
			name = Debug;
		};
		F4D7C07F2861ABD9005D5650 /* Release */ = {
			isa = XCBuildConfiguration;
			buildSettings = {
				BUNDLE_LOADER = "$(TEST_HOST)";
				CODE_SIGN_STYLE = Automatic;
				CURRENT_PROJECT_VERSION = 1;
				DEVELOPMENT_TEAM = KXXKG35M4P;
				GENERATE_INFOPLIST_FILE = YES;
				MARKETING_VERSION = 1.0;
				PRODUCT_BUNDLE_IDENTIFIER = mspanadgoo.CodeChallengeSIXTTests;
				PRODUCT_NAME = "$(TARGET_NAME)";
				SWIFT_EMIT_LOC_STRINGS = NO;
				SWIFT_VERSION = 5.0;
				TARGETED_DEVICE_FAMILY = "1,2";
				TEST_HOST = "$(BUILT_PRODUCTS_DIR)/CodeChallengeSIXT.app/CodeChallengeSIXT";
			};
			name = Release;
		};
/* End XCBuildConfiguration section */

/* Begin XCConfigurationList section */
		F4D7C05B28608EA6005D5650 /* Build configuration list for PBXProject "CodeChallengeSIXT" */ = {
			isa = XCConfigurationList;
			buildConfigurations = (
				F4D7C06C28608EA7005D5650 /* Debug */,
				F4D7C06D28608EA7005D5650 /* Release */,
			);
			defaultConfigurationIsVisible = 0;
			defaultConfigurationName = Release;
		};
		F4D7C06E28608EA7005D5650 /* Build configuration list for PBXNativeTarget "CodeChallengeSIXT" */ = {
			isa = XCConfigurationList;
			buildConfigurations = (
				F4D7C06F28608EA7005D5650 /* Debug */,
				F4D7C07028608EA7005D5650 /* Release */,
			);
			defaultConfigurationIsVisible = 0;
			defaultConfigurationName = Release;
		};
		F4D7C07D2861ABD9005D5650 /* Build configuration list for PBXNativeTarget "CodeChallengeSIXTTests" */ = {
			isa = XCConfigurationList;
			buildConfigurations = (
				F4D7C07E2861ABD9005D5650 /* Debug */,
				F4D7C07F2861ABD9005D5650 /* Release */,
			);
			defaultConfigurationIsVisible = 0;
			defaultConfigurationName = Release;
		};
/* End XCConfigurationList section */
	};
	rootObject = F4D7C05828608EA6005D5650 /* Project object */;
}
